
Microsoft Visual Studio Solution File, Format Version 12.00
# Visual Studio Version 18
VisualStudioVersion = 18.9.12105.275 stable
MinimumVisualStudioVersion = 10.0.40219.1
Project("{FAE04EC0-301F-11D3-BF4B-00C04F79EFBC}") = "Taskly.Domain", "Taskly.Domain\Taskly.Domain.csproj", "{0F743F9A-4EFE-4ADB-B915-DFBFF998AEBF}"
EndProject
Project("{FAE04EC0-301F-11D3-BF4B-00C04F79EFBC}") = "Taskly.Application", "Taskly.Application\Taskly.Application.csproj", "{C8DF53F9-C96C-4181-A651-64C597D1B53C}"
EndProject
Project("{FAE04EC0-301F-11D3-BF4B-00C04F79EFBC}") = "Taskly.Infrastructure", "Taskly.Infrastructure\Taskly.Infrastructure.csproj", "{693FD38F-F13A-4CF4-B929-D9BC5000FA7D}"
EndProject
Project("{2150E333-8FDC-42A3-9474-1A3956D46DE8}") = "Data", "Data", "{02EA681E-C7D8-13C7-8484-4AC65E1B71E8}"
EndProject
Project("{2150E333-8FDC-42A3-9474-1A3956D46DE8}") = "Presentation", "Presentation", "{60CB0C7C-686F-4D43-90F6-4FCB90E04AB0}"
EndProject
Project("{FAE04EC0-301F-11D3-BF4B-00C04F79EFBC}") = "Taskly.Forms", "Taskly.Forms\Taskly.Forms.csproj", "{0E4D970F-1E7D-42F5-8B7C-4734CCF09ECA}"
EndProject
Project("{FAE04EC0-301F-11D3-BF4B-00C04F79EFBC}") = "Taskly.Api", "Taskly.Api\Taskly.Api.csproj", "{FEE9798B-171C-4ACD-900D-651EECD629FB}"
EndProject
Project("{888888A0-9F3D-457C-B088-3A5042F75D52}") = "Taskly.Python", "Taskly.Python\Taskly.Python.pyproj", "{E80B35B8-6E09-484D-B33E-928AAF53ECF1}"
EndProject
Global
	GlobalSection(SolutionConfigurationPlatforms) = preSolution
		Debug|Any CPU = Debug|Any CPU
		Debug|x64 = Debug|x64
		Debug|x86 = Debug|x86
		Release|Any CPU = Release|Any CPU
		Release|x64 = Release|x64
		Release|x86 = Release|x86
	EndGlobalSection
	GlobalSection(ProjectConfigurationPlatforms) = postSolution
		{0F743F9A-4EFE-4ADB-B915-DFBFF998AEBF}.Debug|Any CPU.ActiveCfg = Debug|Any CPU
		{0F743F9A-4EFE-4ADB-B915-DFBFF998AEBF}.Debug|Any CPU.Build.0 = Debug|Any CPU
		{0F743F9A-4EFE-4ADB-B915-DFBFF998AEBF}.Debug|x64.ActiveCfg = Debug|Any CPU
		{0F743F9A-4EFE-4ADB-B915-DFBFF998AEBF}.Debug|x64.Build.0 = Debug|Any CPU
		{0F743F9A-4EFE-4ADB-B915-DFBFF998AEBF}.Debug|x86.ActiveCfg = Debug|Any CPU
		{0F743F9A-4EFE-4ADB-B915-DFBFF998AEBF}.Debug|x86.Build.0 = Debug|Any CPU
		{0F743F9A-4EFE-4ADB-B915-DFBFF998AEBF}.Release|Any CPU.ActiveCfg = Release|Any CPU
		{0F743F9A-4EFE-4ADB-B915-DFBFF998AEBF}.Release|Any CPU.Build.0 = Release|Any CPU
		{0F743F9A-4EFE-4ADB-B915-DFBFF998AEBF}.Release|x64.ActiveCfg = Release|Any CPU
		{0F743F9A-4EFE-4ADB-B915-DFBFF998AEBF}.Release|x64.Build.0 = Release|Any CPU
		{0F743F9A-4EFE-4ADB-B915-DFBFF998AEBF}.Release|x86.ActiveCfg = Release|Any CPU
		{0F743F9A-4EFE-4ADB-B915-DFBFF998AEBF}.Release|x86.Build.0 = Release|Any CPU
		{C8DF53F9-C96C-4181-A651-64C597D1B53C}.Debug|Any CPU.ActiveCfg = Debug|Any CPU
		{C8DF53F9-C96C-4181-A651-64C597D1B53C}.Debug|Any CPU.Build.0 = Debug|Any CPU
		{C8DF53F9-C96C-4181-A651-64C597D1B53C}.Debug|x64.ActiveCfg = Debug|Any CPU
		{C8DF53F9-C96C-4181-A651-64C597D1B53C}.Debug|x64.Build.0 = Debug|Any CPU
		{C8DF53F9-C96C-4181-A651-64C597D1B53C}.Debug|x86.ActiveCfg = Debug|Any CPU
		{C8DF53F9-C96C-4181-A651-64C597D1B53C}.Debug|x86.Build.0 = Debug|Any CPU
		{C8DF53F9-C96C-4181-A651-64C597D1B53C}.Release|Any CPU.ActiveCfg = Release|Any CPU
		{C8DF53F9-C96C-4181-A651-64C597D1B53C}.Release|Any CPU.Build.0 = Release|Any CPU
		{C8DF53F9-C96C-4181-A651-64C597D1B53C}.Release|x64.ActiveCfg = Release|Any CPU
		{C8DF53F9-C96C-4181-A651-64C597D1B53C}.Release|x64.Build.0 = Release|Any CPU
		{C8DF53F9-C96C-4181-A651-64C597D1B53C}.Release|x86.ActiveCfg = Release|Any CPU
		{C8DF53F9-C96C-4181-A651-64C597D1B53C}.Release|x86.Build.0 = Release|Any CPU
		{693FD38F-F13A-4CF4-B929-D9BC5000FA7D}.Debug|Any CPU.ActiveCfg = Debug|Any CPU
		{693FD38F-F13A-4CF4-B929-D9BC5000FA7D}.Debug|Any CPU.Build.0 = Debug|Any CPU
		{693FD38F-F13A-4CF4-B929-D9BC5000FA7D}.Debug|x64.ActiveCfg = Debug|Any CPU
		{693FD38F-F13A-4CF4-B929-D9BC5000FA7D}.Debug|x64.Build.0 = Debug|Any CPU
		{693FD38F-F13A-4CF4-B929-D9BC5000FA7D}.Debug|x86.ActiveCfg = Debug|Any CPU
		{693FD38F-F13A-4CF4-B929-D9BC5000FA7D}.Debug|x86.Build.0 = Debug|Any CPU
		{693FD38F-F13A-4CF4-B929-D9BC5000FA7D}.Release|Any CPU.ActiveCfg = Release|Any CPU
		{693FD38F-F13A-4CF4-B929-D9BC5000FA7D}.Release|Any CPU.Build.0 = Release|Any CPU
		{693FD38F-F13A-4CF4-B929-D9BC5000FA7D}.Release|x64.ActiveCfg = Release|Any CPU
		{693FD38F-F13A-4CF4-B929-D9BC5000FA7D}.Release|x64.Build.0 = Release|Any CPU
		{693FD38F-F13A-4CF4-B929-D9BC5000FA7D}.Release|x86.ActiveCfg = Release|Any CPU
		{693FD38F-F13A-4CF4-B929-D9BC5000FA7D}.Release|x86.Build.0 = Release|Any CPU
		{0E4D970F-1E7D-42F5-8B7C-4734CCF09ECA}.Debug|Any CPU.ActiveCfg = Debug|Any CPU
		{0E4D970F-1E7D-42F5-8B7C-4734CCF09ECA}.Debug|Any CPU.Build.0 = Debug|Any CPU
		{0E4D970F-1E7D-42F5-8B7C-4734CCF09ECA}.Debug|x64.ActiveCfg = Debug|Any CPU
		{0E4D970F-1E7D-42F5-8B7C-4734CCF09ECA}.Debug|x64.Build.0 = Debug|Any CPU
		{0E4D970F-1E7D-42F5-8B7C-4734CCF09ECA}.Debug|x86.ActiveCfg = Debug|Any CPU
		{0E4D970F-1E7D-42F5-8B7C-4734CCF09ECA}.Debug|x86.Build.0 = Debug|Any CPU
		{0E4D970F-1E7D-42F5-8B7C-4734CCF09ECA}.Release|Any CPU.ActiveCfg = Release|Any CPU
		{0E4D970F-1E7D-42F5-8B7C-4734CCF09ECA}.Release|Any CPU.Build.0 = Release|Any CPU
		{0E4D970F-1E7D-42F5-8B7C-4734CCF09ECA}.Release|x64.ActiveCfg = Release|Any CPU
		{0E4D970F-1E7D-42F5-8B7C-4734CCF09ECA}.Release|x64.Build.0 = Release|Any CPU
		{0E4D970F-1E7D-42F5-8B7C-4734CCF09ECA}.Release|x86.ActiveCfg = Release|Any CPU
		{0E4D970F-1E7D-42F5-8B7C-4734CCF09ECA}.Release|x86.Build.0 = Release|Any CPU
		{FEE9798B-171C-4ACD-900D-651EECD629FB}.Debug|Any CPU.ActiveCfg = Debug|Any CPU
		{FEE9798B-171C-4ACD-900D-651EECD629FB}.Debug|Any CPU.Build.0 = Debug|Any CPU
		{FEE9798B-171C-4ACD-900D-651EECD629FB}.Debug|x64.ActiveCfg = Debug|Any CPU
		{FEE9798B-171C-4ACD-900D-651EECD629FB}.Debug|x64.Build.0 = Debug|Any CPU
		{FEE9798B-171C-4ACD-900D-651EECD629FB}.Debug|x86.ActiveCfg = Debug|Any CPU
		{FEE9798B-171C-4ACD-900D-651EECD629FB}.Debug|x86.Build.0 = Debug|Any CPU
		{FEE9798B-171C-4ACD-900D-651EECD629FB}.Release|Any CPU.ActiveCfg = Release|Any CPU
		{FEE9798B-171C-4ACD-900D-651EECD629FB}.Release|Any CPU.Build.0 = Release|Any CPU
		{FEE9798B-171C-4ACD-900D-651EECD629FB}.Release|x64.ActiveCfg = Release|Any CPU
		{FEE9798B-171C-4ACD-900D-651EECD629FB}.Release|x64.Build.0 = Release|Any CPU
		{FEE9798B-171C-4ACD-900D-651EECD629FB}.Release|x86.ActiveCfg = Release|Any CPU
		{FEE9798B-171C-4ACD-900D-651EECD629FB}.Release|x86.Build.0 = Release|Any CPU
		{E80B35B8-6E09-484D-B33E-928AAF53ECF1}.Debug|Any CPU.ActiveCfg = Debug|Any CPU
		{E80B35B8-6E09-484D-B33E-928AAF53ECF1}.Debug|x64.ActiveCfg = Debug|Any CPU
		{E80B35B8-6E09-484D-B33E-928AAF53ECF1}.Debug|x86.ActiveCfg = Debug|Any CPU
		{E80B35B8-6E09-484D-B33E-928AAF53ECF1}.Release|Any CPU.ActiveCfg = Release|Any CPU
		{E80B35B8-6E09-484D-B33E-928AAF53ECF1}.Release|x64.ActiveCfg = Release|Any CPU
		{E80B35B8-6E09-484D-B33E-928AAF53ECF1}.Release|x86.ActiveCfg = Release|Any CPU
	EndGlobalSection
	GlobalSection(SolutionProperties) = preSolution
		HideSolutionNode = FALSE
	EndGlobalSection
	GlobalSection(NestedProjects) = preSolution
		{0F743F9A-4EFE-4ADB-B915-DFBFF998AEBF} = {02EA681E-C7D8-13C7-8484-4AC65E1B71E8}
		{C8DF53F9-C96C-4181-A651-64C597D1B53C} = {02EA681E-C7D8-13C7-8484-4AC65E1B71E8}
		{693FD38F-F13A-4CF4-B929-D9BC5000FA7D} = {02EA681E-C7D8-13C7-8484-4AC65E1B71E8}
		{0E4D970F-1E7D-42F5-8B7C-4734CCF09ECA} = {60CB0C7C-686F-4D43-90F6-4FCB90E04AB0}
		{FEE9798B-171C-4ACD-900D-651EECD629FB} = {60CB0C7C-686F-4D43-90F6-4FCB90E04AB0}
		{E80B35B8-6E09-484D-B33E-928AAF53ECF1} = {60CB0C7C-686F-4D43-90F6-4FCB90E04AB0}
	EndGlobalSection
	GlobalSection(ExtensibilityGlobals) = postSolution
		SolutionGuid = {4AB4A286-C28F-4488-8212-75E07EE7F5CB}
	EndGlobalSection
EndGlobal
